
Microsoft Visual Studio Solution File, Format Version 12.00
# Visual Studio Version 16
VisualStudioVersion = 16.0.30011.22
MinimumVisualStudioVersion = 10.0.40219.1
Project("{8BC9CEB8-8B4A-11D0-8D11-00A0C91BC942}") = "polym", "polym.vcxproj", "{BEC2F2E4-D2CD-4A1E-B972-9906F68D240B}"
EndProject
Global
	GlobalSection(SolutionConfigurationPlatforms) = preSolution
		Debug|x64 = Debug|x64
		Debug|x86 = Debug|x86
		Release|x64 = Release|x64
		Release|x86 = Release|x86
	EndGlobalSection
	GlobalSection(ProjectConfigurationPlatforms) = postSolution
		{BEC2F2E4-D2CD-4A1E-B972-9906F68D240B}.Debug|x64.ActiveCfg = Debug|x64
		{BEC2F2E4-D2CD-4A1E-B972-9906F68D240B}.Debug|x64.Build.0 = Debug|x64
		{BEC2F2E4-D2CD-4A1E-B972-9906F68D240B}.Debug|x86.ActiveCfg = Debug|Win32
		{BEC2F2E4-D2CD-4A1E-B972-9906F68D240B}.Debug|x86.Build.0 = Debug|Win32
		{BEC2F2E4-D2CD-4A1E-B972-9906F68D240B}.Release|x64.ActiveCfg = Release|x64
		{BEC2F2E4-D2CD-4A1E-B972-9906F68D240B}.Release|x64.Build.0 = Release|x64
		{BEC2F2E4-D2CD-4A1E-B972-9906F68D240B}.Release|x86.ActiveCfg = Release|Win32
		{BEC2F2E4-D2CD-4A1E-B972-9906F68D240B}.Release|x86.Build.0 = Release|Win32
	EndGlobalSection
	GlobalSection(SolutionProperties) = preSolution
		HideSolutionNode = FALSE
	EndGlobalSection
	GlobalSection(ExtensibilityGlobals) = postSolution
		SolutionGuid = {D7F62C84-8CFA-416F-B6A7-198588A3C215}
	EndGlobalSection
EndGlobal
